
Microsoft Visual Studio Solution File, Format Version 12.00
# Visual Studio Version 17
VisualStudioVersion = 17.3.32929.385
MinimumVisualStudioVersion = 10.0.40219.1
Project("{9A19103F-16F7-4668-BE54-9A1E7A4F7556}") = "Datos_Login_wpf", "Datos_Login_wpf.csproj", "{859FD22F-2AF8-47CA-B88E-926E5DAE21C8}"
EndProject
Project("{2150E333-8FDC-42A3-9474-1A3956D46DE8}") = "Unidad 2", "Unidad 2", "{68F5AD5A-ACA7-489B-8970-6505867F4B96}"
EndProject
Project("{9A19103F-16F7-4668-BE54-9A1E7A4F7556}") = "Agenda_WPF", "..\..\..\Desktop\Agenda_WPF\Agenda_WPF.csproj", "{398A9BF1-4FDB-4425-AA01-7B496FDAED5C}"
EndProject
Project("{2150E333-8FDC-42A3-9474-1A3956D46DE8}") = "Trabajos finales", "Trabajos finales", "{F20AF385-5FEA-421D-9D30-D4C79ABCFADA}"
EndProject
Project("{9A19103F-16F7-4668-BE54-9A1E7A4F7556}") = "CombinacionNumerica", "..\..\..\Desktop\CombinacionNumerica\CombinacionNumerica\CombinacionNumerica.csproj", "{414A33A8-E32B-4377-9598-F4E4B97E2018}"
EndProject
Project("{9A19103F-16F7-4668-BE54-9A1E7A4F7556}") = "AdivinarNumero_wpf", "..\AdivinarNumero_wpf\AdivinarNumero_wpf.csproj", "{F8D4CCEE-E959-41A4-BE73-279C0EE478EB}"
EndProject
Project("{9A19103F-16F7-4668-BE54-9A1E7A4F7556}") = "librosDatos", "..\librosDatos\librosDatos.csproj", "{4E82D1B5-1E97-40B3-B2B4-ECCF61BF7B12}"
EndProject
Project("{9A19103F-16F7-4668-BE54-9A1E7A4F7556}") = "pinacoteca_final_211G0371", "..\pinacoteca_final_211G0371\pinacoteca_final_211G0371.csproj", "{5B52FB08-7544-4B91-8B17-6D6C81BD6DD6}"
EndProject
Global
	GlobalSection(SolutionConfigurationPlatforms) = preSolution
		Debug|Any CPU = Debug|Any CPU
		Release|Any CPU = Release|Any CPU
	EndGlobalSection
	GlobalSection(ProjectConfigurationPlatforms) = postSolution
		{859FD22F-2AF8-47CA-B88E-926E5DAE21C8}.Debug|Any CPU.ActiveCfg = Debug|Any CPU
		{859FD22F-2AF8-47CA-B88E-926E5DAE21C8}.Debug|Any CPU.Build.0 = Debug|Any CPU
		{859FD22F-2AF8-47CA-B88E-926E5DAE21C8}.Release|Any CPU.ActiveCfg = Release|Any CPU
		{859FD22F-2AF8-47CA-B88E-926E5DAE21C8}.Release|Any CPU.Build.0 = Release|Any CPU
		{398A9BF1-4FDB-4425-AA01-7B496FDAED5C}.Debug|Any CPU.ActiveCfg = Debug|Any CPU
		{398A9BF1-4FDB-4425-AA01-7B496FDAED5C}.Debug|Any CPU.Build.0 = Debug|Any CPU
		{398A9BF1-4FDB-4425-AA01-7B496FDAED5C}.Release|Any CPU.ActiveCfg = Release|Any CPU
		{398A9BF1-4FDB-4425-AA01-7B496FDAED5C}.Release|Any CPU.Build.0 = Release|Any CPU
		{414A33A8-E32B-4377-9598-F4E4B97E2018}.Debug|Any CPU.ActiveCfg = Debug|Any CPU
		{414A33A8-E32B-4377-9598-F4E4B97E2018}.Debug|Any CPU.Build.0 = Debug|Any CPU
		{414A33A8-E32B-4377-9598-F4E4B97E2018}.Release|Any CPU.ActiveCfg = Release|Any CPU
		{414A33A8-E32B-4377-9598-F4E4B97E2018}.Release|Any CPU.Build.0 = Release|Any CPU
		{F8D4CCEE-E959-41A4-BE73-279C0EE478EB}.Debug|Any CPU.ActiveCfg = Debug|Any CPU
		{F8D4CCEE-E959-41A4-BE73-279C0EE478EB}.Debug|Any CPU.Build.0 = Debug|Any CPU
		{F8D4CCEE-E959-41A4-BE73-279C0EE478EB}.Release|Any CPU.ActiveCfg = Release|Any CPU
		{F8D4CCEE-E959-41A4-BE73-279C0EE478EB}.Release|Any CPU.Build.0 = Release|Any CPU
		{4E82D1B5-1E97-40B3-B2B4-ECCF61BF7B12}.Debug|Any CPU.ActiveCfg = Debug|Any CPU
		{4E82D1B5-1E97-40B3-B2B4-ECCF61BF7B12}.Debug|Any CPU.Build.0 = Debug|Any CPU
		{4E82D1B5-1E97-40B3-B2B4-ECCF61BF7B12}.Release|Any CPU.ActiveCfg = Release|Any CPU
		{4E82D1B5-1E97-40B3-B2B4-ECCF61BF7B12}.Release|Any CPU.Build.0 = Release|Any CPU
		{5B52FB08-7544-4B91-8B17-6D6C81BD6DD6}.Debug|Any CPU.ActiveCfg = Debug|Any CPU
		{5B52FB08-7544-4B91-8B17-6D6C81BD6DD6}.Debug|Any CPU.Build.0 = Debug|Any CPU
		{5B52FB08-7544-4B91-8B17-6D6C81BD6DD6}.Release|Any CPU.ActiveCfg = Release|Any CPU
		{5B52FB08-7544-4B91-8B17-6D6C81BD6DD6}.Release|Any CPU.Build.0 = Release|Any CPU
	EndGlobalSection
	GlobalSection(SolutionProperties) = preSolution
		HideSolutionNode = FALSE
	EndGlobalSection
	GlobalSection(NestedProjects) = preSolution
		{F8D4CCEE-E959-41A4-BE73-279C0EE478EB} = {68F5AD5A-ACA7-489B-8970-6505867F4B96}
		{4E82D1B5-1E97-40B3-B2B4-ECCF61BF7B12} = {F20AF385-5FEA-421D-9D30-D4C79ABCFADA}
		{5B52FB08-7544-4B91-8B17-6D6C81BD6DD6} = {F20AF385-5FEA-421D-9D30-D4C79ABCFADA}
	EndGlobalSection
	GlobalSection(ExtensibilityGlobals) = postSolution
		SolutionGuid = {ED43BA2D-1832-4C05-A004-42B7D3810BBA}
	EndGlobalSection
EndGlobal
